
Microsoft Visual Studio Solution File, Format Version 12.00
# Visual Studio Version 17
VisualStudioVersion = 17.3.32901.215
MinimumVisualStudioVersion = 10.0.40219.1
Project("{FAE04EC0-301F-11D3-BF4B-00C04F79EFBC}") = "for döngüsü örnek 1-847", "for döngüsü örnek 1-847\for döngüsü örnek 1-847.csproj", "{C915BB39-7061-4121-9B01-066169DD01DA}"
EndProject
Global
	GlobalSection(SolutionConfigurationPlatforms) = preSolution
		Debug|Any CPU = Debug|Any CPU
		Release|Any CPU = Release|Any CPU
	EndGlobalSection
	GlobalSection(ProjectConfigurationPlatforms) = postSolution
		{C915BB39-7061-4121-9B01-066169DD01DA}.Debug|Any CPU.ActiveCfg = Debug|Any CPU
		{C915BB39-7061-4121-9B01-066169DD01DA}.Debug|Any CPU.Build.0 = Debug|Any CPU
		{C915BB39-7061-4121-9B01-066169DD01DA}.Release|Any CPU.ActiveCfg = Release|Any CPU
		{C915BB39-7061-4121-9B01-066169DD01DA}.Release|Any CPU.Build.0 = Release|Any CPU
	EndGlobalSection
	GlobalSection(SolutionProperties) = preSolution
		HideSolutionNode = FALSE
	EndGlobalSection
	GlobalSection(ExtensibilityGlobals) = postSolution
		SolutionGuid = {E612BCDB-8956-4F76-BBD0-41141CB3C0B5}
	EndGlobalSection
EndGlobal
